// !$*UTF8*$!
{
	archiveVersion = 1;
	classes = {
	};
	objectVersion = 55;
	objects = {

/* Begin PBXBuildFile section */
		F578EA0F286075DC000A419B /* Peter008_1App.swift in Sources */ = {isa = PBXBuildFile; fileRef = F578EA0E286075DC000A419B /* Peter008_1App.swift */; };
		F578EA13286075DF000A419B /* Assets.xcassets in Resources */ = {isa = PBXBuildFile; fileRef = F578EA12286075DF000A419B /* Assets.xcassets */; };
		F578EA16286075DF000A419B /* Preview Assets.xcassets in Resources */ = {isa = PBXBuildFile; fileRef = F578EA15286075DF000A419B /* Preview Assets.xcassets */; };
		F578EA20286075E0000A419B /* Peter008_1Tests.swift in Sources */ = {isa = PBXBuildFile; fileRef = F578EA1F286075E0000A419B /* Peter008_1Tests.swift */; };
		F578EA2A286075E0000A419B /* Peter008_1UITests.swift in Sources */ = {isa = PBXBuildFile; fileRef = F578EA29286075E0000A419B /* Peter008_1UITests.swift */; };
		F578EA2C286075E0000A419B /* Peter008_1UITestsLaunchTests.swift in Sources */ = {isa = PBXBuildFile; fileRef = F578EA2B286075E0000A419B /* Peter008_1UITestsLaunchTests.swift */; };
		F58A4D092863C25000FE9387 /* sound1.mp3 in Resources */ = {isa = PBXBuildFile; fileRef = F58A4D082863C24F00FE9387 /* sound1.mp3 */; };
		F58A4D0B2863C53A00FE9387 /* sound2.mp3 in Resources */ = {isa = PBXBuildFile; fileRef = F58A4D0A2863C53A00FE9387 /* sound2.mp3 */; };
		F58A4D0D2863C71300FE9387 /* sound3.mp3 in Resources */ = {isa = PBXBuildFile; fileRef = F58A4D0C2863C71300FE9387 /* sound3.mp3 */; };
		F5B0FDB928630D1A00D4BEE8 /* HomeView.swift in Sources */ = {isa = PBXBuildFile; fileRef = F5B0FDB828630D1A00D4BEE8 /* HomeView.swift */; };
/* End PBXBuildFile section */

/* Begin PBXContainerItemProxy section */
		F578EA1C286075E0000A419B /* PBXContainerItemProxy */ = {
			isa = PBXContainerItemProxy;
			containerPortal = F578EA03286075DC000A419B /* Project object */;
			proxyType = 1;
			remoteGlobalIDString = F578EA0A286075DC000A419B;
			remoteInfo = Peter008_1;
		};
		F578EA26286075E0000A419B /* PBXContainerItemProxy */ = {
			isa = PBXContainerItemProxy;
			containerPortal = F578EA03286075DC000A419B /* Project object */;
			proxyType = 1;
			remoteGlobalIDString = F578EA0A286075DC000A419B;
			remoteInfo = Peter008_1;
		};
/* End PBXContainerItemProxy section */

/* Begin PBXFileReference section */
		F578EA0B286075DC000A419B /* Peter008_1.app */ = {isa = PBXFileReference; explicitFileType = wrapper.application; includeInIndex = 0; path = Peter008_1.app; sourceTree = BUILT_PRODUCTS_DIR; };
		F578EA0E286075DC000A419B /* Peter008_1App.swift */ = {isa = PBXFileReference; lastKnownFileType = sourcecode.swift; path = Peter008_1App.swift; sourceTree = "<group>"; };
		F578EA12286075DF000A419B /* Assets.xcassets */ = {isa = PBXFileReference; lastKnownFileType = folder.assetcatalog; path = Assets.xcassets; sourceTree = "<group>"; };
		F578EA15286075DF000A419B /* Preview Assets.xcassets */ = {isa = PBXFileReference; lastKnownFileType = folder.assetcatalog; path = "Preview Assets.xcassets"; sourceTree = "<group>"; };
		F578EA1B286075E0000A419B /* Peter008_1Tests.xctest */ = {isa = PBXFileReference; explicitFileType = wrapper.cfbundle; includeInIndex = 0; path = Peter008_1Tests.xctest; sourceTree = BUILT_PRODUCTS_DIR; };
		F578EA1F286075E0000A419B /* Peter008_1Tests.swift */ = {isa = PBXFileReference; lastKnownFileType = sourcecode.swift; path = Peter008_1Tests.swift; sourceTree = "<group>"; };
		F578EA25286075E0000A419B /* Peter008_1UITests.xctest */ = {isa = PBXFileReference; explicitFileType = wrapper.cfbundle; includeInIndex = 0; path = Peter008_1UITests.xctest; sourceTree = BUILT_PRODUCTS_DIR; };
		F578EA29286075E0000A419B /* Peter008_1UITests.swift */ = {isa = PBXFileReference; lastKnownFileType = sourcecode.swift; path = Peter008_1UITests.swift; sourceTree = "<group>"; };
		F578EA2B286075E0000A419B /* Peter008_1UITestsLaunchTests.swift */ = {isa = PBXFileReference; lastKnownFileType = sourcecode.swift; path = Peter008_1UITestsLaunchTests.swift; sourceTree = "<group>"; };
		F58A4D082863C24F00FE9387 /* sound1.mp3 */ = {isa = PBXFileReference; lastKnownFileType = audio.mp3; path = sound1.mp3; sourceTree = "<group>"; };
		F58A4D0A2863C53A00FE9387 /* sound2.mp3 */ = {isa = PBXFileReference; lastKnownFileType = audio.mp3; path = sound2.mp3; sourceTree = "<group>"; };
		F58A4D0C2863C71300FE9387 /* sound3.mp3 */ = {isa = PBXFileReference; lastKnownFileType = audio.mp3; path = sound3.mp3; sourceTree = "<group>"; };
		F5B0FDB828630D1A00D4BEE8 /* HomeView.swift */ = {isa = PBXFileReference; lastKnownFileType = sourcecode.swift; path = HomeView.swift; sourceTree = "<group>"; };
/* End PBXFileReference section */

/* Begin PBXFrameworksBuildPhase section */
		F578EA08286075DC000A419B /* Frameworks */ = {
			isa = PBXFrameworksBuildPhase;
			buildActionMask = 2147483647;
			files = (
			);
			runOnlyForDeploymentPostprocessing = 0;
		};
		F578EA18286075E0000A419B /* Frameworks */ = {
			isa = PBXFrameworksBuildPhase;
			buildActionMask = 2147483647;
			files = (
			);
			runOnlyForDeploymentPostprocessing = 0;
		};
		F578EA22286075E0000A419B /* Frameworks */ = {
			isa = PBXFrameworksBuildPhase;
			buildActionMask = 2147483647;
			files = (
			);
			runOnlyForDeploymentPostprocessing = 0;
		};
/* End PBXFrameworksBuildPhase section */

/* Begin PBXGroup section */
		F578EA02286075DC000A419B = {
			isa = PBXGroup;
			children = (
				F578EA0D286075DC000A419B /* Peter008_1 */,
				F578EA1E286075E0000A419B /* Peter008_1Tests */,
				F578EA28286075E0000A419B /* Peter008_1UITests */,
				F578EA0C286075DC000A419B /* Products */,
			);
			sourceTree = "<group>";
		};
		F578EA0C286075DC000A419B /* Products */ = {
			isa = PBXGroup;
			children = (
				F578EA0B286075DC000A419B /* Peter008_1.app */,
				F578EA1B286075E0000A419B /* Peter008_1Tests.xctest */,
				F578EA25286075E0000A419B /* Peter008_1UITests.xctest */,
			);
			name = Products;
			sourceTree = "<group>";
		};
		F578EA0D286075DC000A419B /* Peter008_1 */ = {
			isa = PBXGroup;
			children = (
				F578EA0E286075DC000A419B /* Peter008_1App.swift */,
				F5B0FDB828630D1A00D4BEE8 /* HomeView.swift */,
				F58A4D072863B98300FE9387 /* Sounds */,
				F578EA12286075DF000A419B /* Assets.xcassets */,
				F578EA14286075DF000A419B /* Preview Content */,
			);
			path = Peter008_1;
			sourceTree = "<group>";
		};
		F578EA14286075DF000A419B /* Preview Content */ = {
			isa = PBXGroup;
			children = (
				F578EA15286075DF000A419B /* Preview Assets.xcassets */,
			);
			path = "Preview Content";
			sourceTree = "<group>";
		};
		F578EA1E286075E0000A419B /* Peter008_1Tests */ = {
			isa = PBXGroup;
			children = (
				F578EA1F286075E0000A419B /* Peter008_1Tests.swift */,
			);
			path = Peter008_1Tests;
			sourceTree = "<group>";
		};
		F578EA28286075E0000A419B /* Peter008_1UITests */ = {
			isa = PBXGroup;
			children = (
				F578EA29286075E0000A419B /* Peter008_1UITests.swift */,
				F578EA2B286075E0000A419B /* Peter008_1UITestsLaunchTests.swift */,
			);
			path = Peter008_1UITests;
			sourceTree = "<group>";
		};
		F58A4D072863B98300FE9387 /* Sounds */ = {
			isa = PBXGroup;
			children = (
				F58A4D082863C24F00FE9387 /* sound1.mp3 */,
				F58A4D0A2863C53A00FE9387 /* sound2.mp3 */,
				F58A4D0C2863C71300FE9387 /* sound3.mp3 */,
			);
			path = Sounds;
			sourceTree = "<group>";
		};
/* End PBXGroup section */

/* Begin PBXNativeTarget section */
		F578EA0A286075DC000A419B /* Peter008_1 */ = {
			isa = PBXNativeTarget;
			buildConfigurationList = F578EA2F286075E0000A419B /* Build configuration list for PBXNativeTarget "Peter008_1" */;
			buildPhases = (
				F578EA07286075DC000A419B /* Sources */,
				F578EA08286075DC000A419B /* Frameworks */,
				F578EA09286075DC000A419B /* Resources */,
			);
			buildRules = (
			);
			dependencies = (
			);
			name = Peter008_1;
			productName = Peter008_1;
			productReference = F578EA0B286075DC000A419B /* Peter008_1.app */;
			productType = "com.apple.product-type.application";
		};
		F578EA1A286075E0000A419B /* Peter008_1Tests */ = {
			isa = PBXNativeTarget;
			buildConfigurationList = F578EA32286075E0000A419B /* Build configuration list for PBXNativeTarget "Peter008_1Tests" */;
			buildPhases = (
				F578EA17286075E0000A419B /* Sources */,
				F578EA18286075E0000A419B /* Frameworks */,
				F578EA19286075E0000A419B /* Resources */,
			);
			buildRules = (
			);
			dependencies = (
				F578EA1D286075E0000A419B /* PBXTargetDependency */,
			);
			name = Peter008_1Tests;
			productName = Peter008_1Tests;
			productReference = F578EA1B286075E0000A419B /* Peter008_1Tests.xctest */;
			productType = "com.apple.product-type.bundle.unit-test";
		};
		F578EA24286075E0000A419B /* Peter008_1UITests */ = {
			isa = PBXNativeTarget;
			buildConfigurationList = F578EA35286075E0000A419B /* Build configuration list for PBXNativeTarget "Peter008_1UITests" */;
			buildPhases = (
				F578EA21286075E0000A419B /* Sources */,
				F578EA22286075E0000A419B /* Frameworks */,
				F578EA23286075E0000A419B /* Resources */,
			);
			buildRules = (
			);
			dependencies = (
				F578EA27286075E0000A419B /* PBXTargetDependency */,
			);
			name = Peter008_1UITests;
			productName = Peter008_1UITests;
			productReference = F578EA25286075E0000A419B /* Peter008_1UITests.xctest */;
			productType = "com.apple.product-type.bundle.ui-testing";
		};
/* End PBXNativeTarget section */

/* Begin PBXProject section */
		F578EA03286075DC000A419B /* Project object */ = {
			isa = PBXProject;
			attributes = {
				BuildIndependentTargetsInParallel = 1;
				LastSwiftUpdateCheck = 1310;
				LastUpgradeCheck = 1310;
				TargetAttributes = {
					F578EA0A286075DC000A419B = {
						CreatedOnToolsVersion = 13.1;
					};
					F578EA1A286075E0000A419B = {
						CreatedOnToolsVersion = 13.1;
						TestTargetID = F578EA0A286075DC000A419B;
					};
					F578EA24286075E0000A419B = {
						CreatedOnToolsVersion = 13.1;
						TestTargetID = F578EA0A286075DC000A419B;
					};
				};
			};
			buildConfigurationList = F578EA06286075DC000A419B /* Build configuration list for PBXProject "Peter008_1" */;
			compatibilityVersion = "Xcode 13.0";
			developmentRegion = en;
			hasScannedForEncodings = 0;
			knownRegions = (
				en,
				Base,
			);
			mainGroup = F578EA02286075DC000A419B;
			productRefGroup = F578EA0C286075DC000A419B /* Products */;
			projectDirPath = "";
			projectRoot = "";
			targets = (
				F578EA0A286075DC000A419B /* Peter008_1 */,
				F578EA1A286075E0000A419B /* Peter008_1Tests */,
				F578EA24286075E0000A419B /* Peter008_1UITests */,
			);
		};
/* End PBXProject section */

/* Begin PBXResourcesBuildPhase section */
		F578EA09286075DC000A419B /* Resources */ = {
			isa = PBXResourcesBuildPhase;
			buildActionMask = 2147483647;
			files = (
				F578EA16286075DF000A419B /* Preview Assets.xcassets in Resources */,
				F58A4D0B2863C53A00FE9387 /* sound2.mp3 in Resources */,
				F58A4D0D2863C71300FE9387 /* sound3.mp3 in Resources */,
				F58A4D092863C25000FE9387 /* sound1.mp3 in Resources */,
				F578EA13286075DF000A419B /* Assets.xcassets in Resources */,
			);
			runOnlyForDeploymentPostprocessing = 0;
		};
		F578EA19286075E0000A419B /* Resources */ = {
			isa = PBXResourcesBuildPhase;
			buildActionMask = 2147483647;
			files = (
			);
			runOnlyForDeploymentPostprocessing = 0;
		};
		F578EA23286075E0000A419B /* Resources */ = {
			isa = PBXResourcesBuildPhase;
			buildActionMask = 2147483647;
			files = (
			);
			runOnlyForDeploymentPostprocessing = 0;
		};
/* End PBXResourcesBuildPhase section */

/* Begin PBXSourcesBuildPhase section */
		F578EA07286075DC000A419B /* Sources */ = {
			isa = PBXSourcesBuildPhase;
			buildActionMask = 2147483647;
			files = (
				F578EA0F286075DC000A419B /* Peter008_1App.swift in Sources */,
				F5B0FDB928630D1A00D4BEE8 /* HomeView.swift in Sources */,
			);
			runOnlyForDeploymentPostprocessing = 0;
		};
		F578EA17286075E0000A419B /* Sources */ = {
			isa = PBXSourcesBuildPhase;
			buildActionMask = 2147483647;
			files = (
				F578EA20286075E0000A419B /* Peter008_1Tests.swift in Sources */,
			);
			runOnlyForDeploymentPostprocessing = 0;
		};
		F578EA21286075E0000A419B /* Sources */ = {
			isa = PBXSourcesBuildPhase;
			buildActionMask = 2147483647;
			files = (
				F578EA2C286075E0000A419B /* Peter008_1UITestsLaunchTests.swift in Sources */,
				F578EA2A286075E0000A419B /* Peter008_1UITests.swift in Sources */,
			);
			runOnlyForDeploymentPostprocessing = 0;
		};
/* End PBXSourcesBuildPhase section */

/* Begin PBXTargetDependency section */
		F578EA1D286075E0000A419B /* PBXTargetDependency */ = {
			isa = PBXTargetDependency;
			target = F578EA0A286075DC000A419B /* Peter008_1 */;
			targetProxy = F578EA1C286075E0000A419B /* PBXContainerItemProxy */;
		};
		F578EA27286075E0000A419B /* PBXTargetDependency */ = {
			isa = PBXTargetDependency;
			target = F578EA0A286075DC000A419B /* Peter008_1 */;
			targetProxy = F578EA26286075E0000A419B /* PBXContainerItemProxy */;
		};
/* End PBXTargetDependency section */

/* Begin XCBuildConfiguration section */
		F578EA2D286075E0000A419B /* Debug */ = {
			isa = XCBuildConfiguration;
			buildSettings = {
				ALWAYS_SEARCH_USER_PATHS = NO;
				CLANG_ANALYZER_NONNULL = YES;
				CLANG_ANALYZER_NUMBER_OBJECT_CONVERSION = YES_AGGRESSIVE;
				CLANG_CXX_LANGUAGE_STANDARD = "gnu++17";
				CLANG_CXX_LIBRARY = "libc++";
				CLANG_ENABLE_MODULES = YES;
				CLANG_ENABLE_OBJC_ARC = YES;
				CLANG_ENABLE_OBJC_WEAK = YES;
				CLANG_WARN_BLOCK_CAPTURE_AUTORELEASING = YES;
				CLANG_WARN_BOOL_CONVERSION = YES;
				CLANG_WARN_COMMA = YES;
				CLANG_WARN_CONSTANT_CONVERSION = YES;
				CLANG_WARN_DEPRECATED_OBJC_IMPLEMENTATIONS = YES;
				CLANG_WARN_DIRECT_OBJC_ISA_USAGE = YES_ERROR;
				CLANG_WARN_DOCUMENTATION_COMMENTS = YES;
				CLANG_WARN_EMPTY_BODY = YES;
				CLANG_WARN_ENUM_CONVERSION = YES;
				CLANG_WARN_INFINITE_RECURSION = YES;
				CLANG_WARN_INT_CONVERSION = YES;
				CLANG_WARN_NON_LITERAL_NULL_CONVERSION = YES;
				CLANG_WARN_OBJC_IMPLICIT_RETAIN_SELF = YES;
				CLANG_WARN_OBJC_LITERAL_CONVERSION = YES;
				CLANG_WARN_OBJC_ROOT_CLASS = YES_ERROR;
				CLANG_WARN_QUOTED_INCLUDE_IN_FRAMEWORK_HEADER = YES;
				CLANG_WARN_RANGE_LOOP_ANALYSIS = YES;
				CLANG_WARN_STRICT_PROTOTYPES = YES;
				CLANG_WARN_SUSPICIOUS_MOVE = YES;
				CLANG_WARN_UNGUARDED_AVAILABILITY = YES_AGGRESSIVE;
				CLANG_WARN_UNREACHABLE_CODE = YES;
				CLANG_WARN__DUPLICATE_METHOD_MATCH = YES;
				COPY_PHASE_STRIP = NO;
				DEBUG_INFORMATION_FORMAT = dwarf;
				ENABLE_STRICT_OBJC_MSGSEND = YES;
				ENABLE_TESTABILITY = YES;
				GCC_C_LANGUAGE_STANDARD = gnu11;
				GCC_DYNAMIC_NO_PIC = NO;
				GCC_NO_COMMON_BLOCKS = YES;
				GCC_OPTIMIZATION_LEVEL = 0;
				GCC_PREPROCESSOR_DEFINITIONS = (
					"DEBUG=1",
					"$(inherited)",
				);
				GCC_WARN_64_TO_32_BIT_CONVERSION = YES;
				GCC_WARN_ABOUT_RETURN_TYPE = YES_ERROR;
				GCC_WARN_UNDECLARED_SELECTOR = YES;
				GCC_WARN_UNINITIALIZED_AUTOS = YES_AGGRESSIVE;
				GCC_WARN_UNUSED_FUNCTION = YES;
				GCC_WARN_UNUSED_VARIABLE = YES;
				IPHONEOS_DEPLOYMENT_TARGET = 15.0;
				MTL_ENABLE_DEBUG_INFO = INCLUDE_SOURCE;
				MTL_FAST_MATH = YES;
				ONLY_ACTIVE_ARCH = YES;
				SDKROOT = iphoneos;
				SWIFT_ACTIVE_COMPILATION_CONDITIONS = DEBUG;
				SWIFT_OPTIMIZATION_LEVEL = "-Onone";
			};
			name = Debug;
		};
		F578EA2E286075E0000A419B /* Release */ = {
			isa = XCBuildConfiguration;
			buildSettings = {
				ALWAYS_SEARCH_USER_PATHS = NO;
				CLANG_ANALYZER_NONNULL = YES;
				CLANG_ANALYZER_NUMBER_OBJECT_CONVERSION = YES_AGGRESSIVE;
				CLANG_CXX_LANGUAGE_STANDARD = "gnu++17";
				CLANG_CXX_LIBRARY = "libc++";
				CLANG_ENABLE_MODULES = YES;
				CLANG_ENABLE_OBJC_ARC = YES;
				CLANG_ENABLE_OBJC_WEAK = YES;
				CLANG_WARN_BLOCK_CAPTURE_AUTORELEASING = YES;
				CLANG_WARN_BOOL_CONVERSION = YES;
				CLANG_WARN_COMMA = YES;
				CLANG_WARN_CONSTANT_CONVERSION = YES;
				CLANG_WARN_DEPRECATED_OBJC_IMPLEMENTATIONS = YES;
				CLANG_WARN_DIRECT_OBJC_ISA_USAGE = YES_ERROR;
				CLANG_WARN_DOCUMENTATION_COMMENTS = YES;
				CLANG_WARN_EMPTY_BODY = YES;
				CLANG_WARN_ENUM_CONVERSION = YES;
				CLANG_WARN_INFINITE_RECURSION = YES;
				CLANG_WARN_INT_CONVERSION = YES;
				CLANG_WARN_NON_LITERAL_NULL_CONVERSION = YES;
				CLANG_WARN_OBJC_IMPLICIT_RETAIN_SELF = YES;
				CLANG_WARN_OBJC_LITERAL_CONVERSION = YES;
				CLANG_WARN_OBJC_ROOT_CLASS = YES_ERROR;
				CLANG_WARN_QUOTED_INCLUDE_IN_FRAMEWORK_HEADER = YES;
				CLANG_WARN_RANGE_LOOP_ANALYSIS = YES;
				CLANG_WARN_STRICT_PROTOTYPES = YES;
				CLANG_WARN_SUSPICIOUS_MOVE = YES;
				CLANG_WARN_UNGUARDED_AVAILABILITY = YES_AGGRESSIVE;
				CLANG_WARN_UNREACHABLE_CODE = YES;
				CLANG_WARN__DUPLICATE_METHOD_MATCH = YES;
				COPY_PHASE_STRIP = NO;
				DEBUG_INFORMATION_FORMAT = "dwarf-with-dsym";
				ENABLE_NS_ASSERTIONS = NO;
				ENABLE_STRICT_OBJC_MSGSEND = YES;
				GCC_C_LANGUAGE_STANDARD = gnu11;
				GCC_NO_COMMON_BLOCKS = YES;
				GCC_WARN_64_TO_32_BIT_CONVERSION = YES;
				GCC_WARN_ABOUT_RETURN_TYPE = YES_ERROR;
				GCC_WARN_UNDECLARED_SELECTOR = YES;
				GCC_WARN_UNINITIALIZED_AUTOS = YES_AGGRESSIVE;
				GCC_WARN_UNUSED_FUNCTION = YES;
				GCC_WARN_UNUSED_VARIABLE = YES;
				IPHONEOS_DEPLOYMENT_TARGET = 15.0;
				MTL_ENABLE_DEBUG_INFO = NO;
				MTL_FAST_MATH = YES;
				SDKROOT = iphoneos;
				SWIFT_COMPILATION_MODE = wholemodule;
				SWIFT_OPTIMIZATION_LEVEL = "-O";
				VALIDATE_PRODUCT = YES;
			};
			name = Release;
		};
		F578EA30286075E0000A419B /* Debug */ = {
			isa = XCBuildConfiguration;
			buildSettings = {
				ASSETCATALOG_COMPILER_APPICON_NAME = AppIcon;
				ASSETCATALOG_COMPILER_GLOBAL_ACCENT_COLOR_NAME = AccentColor;
				CODE_SIGN_STYLE = Automatic;
				CURRENT_PROJECT_VERSION = 1;
				DEVELOPMENT_ASSET_PATHS = "\"Peter008_1/Preview Content\"";
				DEVELOPMENT_TEAM = 942H6V444Y;
				ENABLE_PREVIEWS = YES;
				GENERATE_INFOPLIST_FILE = YES;
				INFOPLIST_KEY_UIApplicationSceneManifest_Generation = YES;
				INFOPLIST_KEY_UIApplicationSupportsIndirectInputEvents = YES;
				INFOPLIST_KEY_UILaunchScreen_Generation = YES;
				INFOPLIST_KEY_UISupportedInterfaceOrientations_iPad = "UIInterfaceOrientationPortrait UIInterfaceOrientationPortraitUpsideDown UIInterfaceOrientationLandscapeLeft UIInterfaceOrientationLandscapeRight";
				INFOPLIST_KEY_UISupportedInterfaceOrientations_iPhone = "UIInterfaceOrientationLandscapeLeft UIInterfaceOrientationLandscapeRight";
				LD_RUNPATH_SEARCH_PATHS = (
					"$(inherited)",
					"@executable_path/Frameworks",
				);
				MARKETING_VERSION = 1.0;
				PRODUCT_BUNDLE_IDENTIFIER = "com.ddong.Peter008-1";
				PRODUCT_NAME = "$(TARGET_NAME)";
				SWIFT_EMIT_LOC_STRINGS = YES;
				SWIFT_VERSION = 5.0;
				TARGETED_DEVICE_FAMILY = "1,2";
			};
			name = Debug;
		};
		F578EA31286075E0000A419B /* Release */ = {
			isa = XCBuildConfiguration;
			buildSettings = {
				ASSETCATALOG_COMPILER_APPICON_NAME = AppIcon;
				ASSETCATALOG_COMPILER_GLOBAL_ACCENT_COLOR_NAME = AccentColor;
				CODE_SIGN_STYLE = Automatic;
				CURRENT_PROJECT_VERSION = 1;
				DEVELOPMENT_ASSET_PATHS = "\"Peter008_1/Preview Content\"";
				DEVELOPMENT_TEAM = 942H6V444Y;
				ENABLE_PREVIEWS = YES;
				GENERATE_INFOPLIST_FILE = YES;
				INFOPLIST_KEY_UIApplicationSceneManifest_Generation = YES;
				INFOPLIST_KEY_UIApplicationSupportsIndirectInputEvents = YES;
				INFOPLIST_KEY_UILaunchScreen_Generation = YES;
				INFOPLIST_KEY_UISupportedInterfaceOrientations_iPad = "UIInterfaceOrientationPortrait UIInterfaceOrientationPortraitUpsideDown UIInterfaceOrientationLandscapeLeft UIInterfaceOrientationLandscapeRight";
				INFOPLIST_KEY_UISupportedInterfaceOrientations_iPhone = "UIInterfaceOrientationLandscapeLeft UIInterfaceOrientationLandscapeRight";
				LD_RUNPATH_SEARCH_PATHS = (
					"$(inherited)",
					"@executable_path/Frameworks",
				);
				MARKETING_VERSION = 1.0;
				PRODUCT_BUNDLE_IDENTIFIER = "com.ddong.Peter008-1";
				PRODUCT_NAME = "$(TARGET_NAME)";
				SWIFT_EMIT_LOC_STRINGS = YES;
				SWIFT_VERSION = 5.0;
				TARGETED_DEVICE_FAMILY = "1,2";
			};
			name = Release;
		};
		F578EA33286075E0000A419B /* Debug */ = {
			isa = XCBuildConfiguration;
			buildSettings = {
				ALWAYS_EMBED_SWIFT_STANDARD_LIBRARIES = YES;
				BUNDLE_LOADER = "$(TEST_HOST)";
				CODE_SIGN_STYLE = Automatic;
				CURRENT_PROJECT_VERSION = 1;
				DEVELOPMENT_TEAM = 942H6V444Y;
				GENERATE_INFOPLIST_FILE = YES;
				IPHONEOS_DEPLOYMENT_TARGET = 15.0;
				LD_RUNPATH_SEARCH_PATHS = (
					"$(inherited)",
					"@executable_path/Frameworks",
					"@loader_path/Frameworks",
				);
				MARKETING_VERSION = 1.0;
				PRODUCT_BUNDLE_IDENTIFIER = "com.ddong.Peter008-1Tests";
				PRODUCT_NAME = "$(TARGET_NAME)";
				SWIFT_EMIT_LOC_STRINGS = NO;
				SWIFT_VERSION = 5.0;
				TARGETED_DEVICE_FAMILY = "1,2";
				TEST_HOST = "$(BUILT_PRODUCTS_DIR)/Peter008_1.app/Peter008_1";
			};
			name = Debug;
		};
		F578EA34286075E0000A419B /* Release */ = {
			isa = XCBuildConfiguration;
			buildSettings = {
				ALWAYS_EMBED_SWIFT_STANDARD_LIBRARIES = YES;
				BUNDLE_LOADER = "$(TEST_HOST)";
				CODE_SIGN_STYLE = Automatic;
				CURRENT_PROJECT_VERSION = 1;
				DEVELOPMENT_TEAM = 942H6V444Y;
				GENERATE_INFOPLIST_FILE = YES;
				IPHONEOS_DEPLOYMENT_TARGET = 15.0;
				LD_RUNPATH_SEARCH_PATHS = (
					"$(inherited)",
					"@executable_path/Frameworks",
					"@loader_path/Frameworks",
				);
				MARKETING_VERSION = 1.0;
				PRODUCT_BUNDLE_IDENTIFIER = "com.ddong.Peter008-1Tests";
				PRODUCT_NAME = "$(TARGET_NAME)";
				SWIFT_EMIT_LOC_STRINGS = NO;
				SWIFT_VERSION = 5.0;
				TARGETED_DEVICE_FAMILY = "1,2";
				TEST_HOST = "$(BUILT_PRODUCTS_DIR)/Peter008_1.app/Peter008_1";
			};
			name = Release;
		};
		F578EA36286075E0000A419B /* Debug */ = {
			isa = XCBuildConfiguration;
			buildSettings = {
				ALWAYS_EMBED_SWIFT_STANDARD_LIBRARIES = YES;
				CODE_SIGN_STYLE = Automatic;
				CURRENT_PROJECT_VERSION = 1;
				DEVELOPMENT_TEAM = 942H6V444Y;
				GENERATE_INFOPLIST_FILE = YES;
				LD_RUNPATH_SEARCH_PATHS = (
					"$(inherited)",
					"@executable_path/Frameworks",
					"@loader_path/Frameworks",
				);
				MARKETING_VERSION = 1.0;
				PRODUCT_BUNDLE_IDENTIFIER = "com.ddong.Peter008-1UITests";
				PRODUCT_NAME = "$(TARGET_NAME)";
				SWIFT_EMIT_LOC_STRINGS = NO;
				SWIFT_VERSION = 5.0;
				TARGETED_DEVICE_FAMILY = "1,2";
				TEST_TARGET_NAME = Peter008_1;
			};
			name = Debug;
		};
		F578EA37286075E0000A419B /* Release */ = {
			isa = XCBuildConfiguration;
			buildSettings = {
				ALWAYS_EMBED_SWIFT_STANDARD_LIBRARIES = YES;
				CODE_SIGN_STYLE = Automatic;
				CURRENT_PROJECT_VERSION = 1;
				DEVELOPMENT_TEAM = 942H6V444Y;
				GENERATE_INFOPLIST_FILE = YES;
				LD_RUNPATH_SEARCH_PATHS = (
					"$(inherited)",
					"@executable_path/Frameworks",
					"@loader_path/Frameworks",
				);
				MARKETING_VERSION = 1.0;
				PRODUCT_BUNDLE_IDENTIFIER = "com.ddong.Peter008-1UITests";
				PRODUCT_NAME = "$(TARGET_NAME)";
				SWIFT_EMIT_LOC_STRINGS = NO;
				SWIFT_VERSION = 5.0;
				TARGETED_DEVICE_FAMILY = "1,2";
				TEST_TARGET_NAME = Peter008_1;
			};
			name = Release;
		};
/* End XCBuildConfiguration section */

/* Begin XCConfigurationList section */
		F578EA06286075DC000A419B /* Build configuration list for PBXProject "Peter008_1" */ = {
			isa = XCConfigurationList;
			buildConfigurations = (
				F578EA2D286075E0000A419B /* Debug */,
				F578EA2E286075E0000A419B /* Release */,
			);
			defaultConfigurationIsVisible = 0;
			defaultConfigurationName = Release;
		};
		F578EA2F286075E0000A419B /* Build configuration list for PBXNativeTarget "Peter008_1" */ = {
			isa = XCConfigurationList;
			buildConfigurations = (
				F578EA30286075E0000A419B /* Debug */,
				F578EA31286075E0000A419B /* Release */,
			);
			defaultConfigurationIsVisible = 0;
			defaultConfigurationName = Release;
		};
		F578EA32286075E0000A419B /* Build configuration list for PBXNativeTarget "Peter008_1Tests" */ = {
			isa = XCConfigurationList;
			buildConfigurations = (
				F578EA33286075E0000A419B /* Debug */,
				F578EA34286075E0000A419B /* Release */,
			);
			defaultConfigurationIsVisible = 0;
			defaultConfigurationName = Release;
		};
		F578EA35286075E0000A419B /* Build configuration list for PBXNativeTarget "Peter008_1UITests" */ = {
			isa = XCConfigurationList;
			buildConfigurations = (
				F578EA36286075E0000A419B /* Debug */,
				F578EA37286075E0000A419B /* Release */,
			);
			defaultConfigurationIsVisible = 0;
			defaultConfigurationName = Release;
		};
/* End XCConfigurationList section */
	};
	rootObject = F578EA03286075DC000A419B /* Project object */;
}
